# This file is generated by running "yarn install" inside your project.
# Manual changes might be lost - proceed with caution!

__metadata:
  version: 8
  cacheKey: 10c0

"kairos-connection@workspace:packages/kairos-connection":
  version: 0.0.0-use.local
  resolution: "kairos-connection@workspace:packages/kairos-connection"
  languageName: unknown
  linkType: soft

"kairos-state@workspace:packages/kairos-state":
  version: 0.0.0-use.local
  resolution: "kairos-state@workspace:packages/kairos-state"
  languageName: unknown
  linkType: soft

"sofie-kairos-connection@workspace:.":
  version: 0.0.0-use.local
  resolution: "sofie-kairos-connection@workspace:."
  languageName: unknown
  linkType: soft
